
Microsoft Visual Studio Solution File, Format Version 12.00
# Visual Studio Version 17
VisualStudioVersion = 17.4.33213.308
MinimumVisualStudioVersion = 10.0.40219.1
Project("{9A19103F-16F7-4668-BE54-9A1E7A4F7556}") = "LearningSite", "LearningSite.csproj", "{76F904CF-8C9A-414B-A4DA-934569F6C815}"
EndProject
Project("{9A19103F-16F7-4668-BE54-9A1E7A4F7556}") = "DataLayer", "..\DataLayer\DataLayer.csproj", "{770B3533-AE5C-48C2-B881-8E558B2E6C0A}"
EndProject
Project("{9A19103F-16F7-4668-BE54-9A1E7A4F7556}") = "LearningWeb_Core", "..\LearningWeb_Core\LearningWeb_Core.csproj", "{B6672825-419F-4AC1-A743-6E8E31E193D3}"
EndProject
Global
	GlobalSection(SolutionConfigurationPlatforms) = preSolution
		Debug|Any CPU = Debug|Any CPU
		Release|Any CPU = Release|Any CPU
	EndGlobalSection
	GlobalSection(ProjectConfigurationPlatforms) = postSolution
		{76F904CF-8C9A-414B-A4DA-934569F6C815}.Debug|Any CPU.ActiveCfg = Debug|Any CPU
		{76F904CF-8C9A-414B-A4DA-934569F6C815}.Debug|Any CPU.Build.0 = Debug|Any CPU
		{76F904CF-8C9A-414B-A4DA-934569F6C815}.Release|Any CPU.ActiveCfg = Release|Any CPU
		{76F904CF-8C9A-414B-A4DA-934569F6C815}.Release|Any CPU.Build.0 = Release|Any CPU
		{770B3533-AE5C-48C2-B881-8E558B2E6C0A}.Debug|Any CPU.ActiveCfg = Debug|Any CPU
		{770B3533-AE5C-48C2-B881-8E558B2E6C0A}.Debug|Any CPU.Build.0 = Debug|Any CPU
		{770B3533-AE5C-48C2-B881-8E558B2E6C0A}.Release|Any CPU.ActiveCfg = Release|Any CPU
		{770B3533-AE5C-48C2-B881-8E558B2E6C0A}.Release|Any CPU.Build.0 = Release|Any CPU
		{B6672825-419F-4AC1-A743-6E8E31E193D3}.Debug|Any CPU.ActiveCfg = Debug|Any CPU
		{B6672825-419F-4AC1-A743-6E8E31E193D3}.Debug|Any CPU.Build.0 = Debug|Any CPU
		{B6672825-419F-4AC1-A743-6E8E31E193D3}.Release|Any CPU.ActiveCfg = Release|Any CPU
		{B6672825-419F-4AC1-A743-6E8E31E193D3}.Release|Any CPU.Build.0 = Release|Any CPU
	EndGlobalSection
	GlobalSection(SolutionProperties) = preSolution
		HideSolutionNode = FALSE
	EndGlobalSection
	GlobalSection(ExtensibilityGlobals) = postSolution
		SolutionGuid = {C786DBCD-1FAF-4056-8E9C-52BB395EC950}
	EndGlobalSection
EndGlobal
